
Microsoft Visual Studio Solution File, Format Version 12.00
# Visual Studio 14
VisualStudioVersion = 14.0.24720.0
MinimumVisualStudioVersion = 10.0.40219.1
Project("{FAE04EC0-301F-11D3-BF4B-00C04F79EFBC}") = "zhihuDaily", "zhihuDaily\zhihuDaily.csproj", "{36BA3711-12F0-4C77-8DFC-845C53EC63CA}"
EndProject
Project("{FAE04EC0-301F-11D3-BF4B-00C04F79EFBC}") = "BackgroundTaskLibrary", "BackgroundTaskLibrary\BackgroundTaskLibrary.csproj", "{510812BA-CCAC-4E67-AF99-DD653B601ADA}"
EndProject
Project("{FAE04EC0-301F-11D3-BF4B-00C04F79EFBC}") = "SocialShare", "SocialShare\SocialShare.csproj", "{405814BB-4580-4130-B176-13931ADA8708}"
EndProject
Global
	GlobalSection(SolutionConfigurationPlatforms) = preSolution
		Debug|Any CPU = Debug|Any CPU
		Debug|ARM = Debug|ARM
		Debug|x64 = Debug|x64
		Debug|x86 = Debug|x86
		Release|Any CPU = Release|Any CPU
		Release|ARM = Release|ARM
		Release|x64 = Release|x64
		Release|x86 = Release|x86
	EndGlobalSection
	GlobalSection(ProjectConfigurationPlatforms) = postSolution
		{36BA3711-12F0-4C77-8DFC-845C53EC63CA}.Debug|Any CPU.ActiveCfg = Debug|x86
		{36BA3711-12F0-4C77-8DFC-845C53EC63CA}.Debug|ARM.ActiveCfg = Debug|ARM
		{36BA3711-12F0-4C77-8DFC-845C53EC63CA}.Debug|ARM.Build.0 = Debug|ARM
		{36BA3711-12F0-4C77-8DFC-845C53EC63CA}.Debug|ARM.Deploy.0 = Debug|ARM
		{36BA3711-12F0-4C77-8DFC-845C53EC63CA}.Debug|x64.ActiveCfg = Debug|x64
		{36BA3711-12F0-4C77-8DFC-845C53EC63CA}.Debug|x64.Build.0 = Debug|x64
		{36BA3711-12F0-4C77-8DFC-845C53EC63CA}.Debug|x64.Deploy.0 = Debug|x64
		{36BA3711-12F0-4C77-8DFC-845C53EC63CA}.Debug|x86.ActiveCfg = Debug|x86
		{36BA3711-12F0-4C77-8DFC-845C53EC63CA}.Debug|x86.Build.0 = Debug|x86
		{36BA3711-12F0-4C77-8DFC-845C53EC63CA}.Debug|x86.Deploy.0 = Debug|x86
		{36BA3711-12F0-4C77-8DFC-845C53EC63CA}.Release|Any CPU.ActiveCfg = Release|x86
		{36BA3711-12F0-4C77-8DFC-845C53EC63CA}.Release|ARM.ActiveCfg = Release|ARM
		{36BA3711-12F0-4C77-8DFC-845C53EC63CA}.Release|ARM.Build.0 = Release|ARM
		{36BA3711-12F0-4C77-8DFC-845C53EC63CA}.Release|ARM.Deploy.0 = Release|ARM
		{36BA3711-12F0-4C77-8DFC-845C53EC63CA}.Release|x64.ActiveCfg = Release|x64
		{36BA3711-12F0-4C77-8DFC-845C53EC63CA}.Release|x64.Build.0 = Release|x64
		{36BA3711-12F0-4C77-8DFC-845C53EC63CA}.Release|x64.Deploy.0 = Release|x64
		{36BA3711-12F0-4C77-8DFC-845C53EC63CA}.Release|x86.ActiveCfg = Release|x86
		{36BA3711-12F0-4C77-8DFC-845C53EC63CA}.Release|x86.Build.0 = Release|x86
		{36BA3711-12F0-4C77-8DFC-845C53EC63CA}.Release|x86.Deploy.0 = Release|x86
		{510812BA-CCAC-4E67-AF99-DD653B601ADA}.Debug|Any CPU.ActiveCfg = Debug|Any CPU
		{510812BA-CCAC-4E67-AF99-DD653B601ADA}.Debug|Any CPU.Build.0 = Debug|Any CPU
		{510812BA-CCAC-4E67-AF99-DD653B601ADA}.Debug|ARM.ActiveCfg = Debug|ARM
		{510812BA-CCAC-4E67-AF99-DD653B601ADA}.Debug|ARM.Build.0 = Debug|ARM
		{510812BA-CCAC-4E67-AF99-DD653B601ADA}.Debug|x64.ActiveCfg = Debug|x64
		{510812BA-CCAC-4E67-AF99-DD653B601ADA}.Debug|x64.Build.0 = Debug|x64
		{510812BA-CCAC-4E67-AF99-DD653B601ADA}.Debug|x86.ActiveCfg = Debug|x86
		{510812BA-CCAC-4E67-AF99-DD653B601ADA}.Debug|x86.Build.0 = Debug|x86
		{510812BA-CCAC-4E67-AF99-DD653B601ADA}.Release|Any CPU.ActiveCfg = Release|Any CPU
		{510812BA-CCAC-4E67-AF99-DD653B601ADA}.Release|Any CPU.Build.0 = Release|Any CPU
		{510812BA-CCAC-4E67-AF99-DD653B601ADA}.Release|ARM.ActiveCfg = Release|ARM
		{510812BA-CCAC-4E67-AF99-DD653B601ADA}.Release|ARM.Build.0 = Release|ARM
		{510812BA-CCAC-4E67-AF99-DD653B601ADA}.Release|x64.ActiveCfg = Release|x64
		{510812BA-CCAC-4E67-AF99-DD653B601ADA}.Release|x64.Build.0 = Release|x64
		{510812BA-CCAC-4E67-AF99-DD653B601ADA}.Release|x86.ActiveCfg = Release|x86
		{510812BA-CCAC-4E67-AF99-DD653B601ADA}.Release|x86.Build.0 = Release|x86
		{405814BB-4580-4130-B176-13931ADA8708}.Debug|Any CPU.ActiveCfg = Debug|Any CPU
		{405814BB-4580-4130-B176-13931ADA8708}.Debug|Any CPU.Build.0 = Debug|Any CPU
		{405814BB-4580-4130-B176-13931ADA8708}.Debug|ARM.ActiveCfg = Debug|ARM
		{405814BB-4580-4130-B176-13931ADA8708}.Debug|ARM.Build.0 = Debug|ARM
		{405814BB-4580-4130-B176-13931ADA8708}.Debug|x64.ActiveCfg = Debug|x64
		{405814BB-4580-4130-B176-13931ADA8708}.Debug|x64.Build.0 = Debug|x64
		{405814BB-4580-4130-B176-13931ADA8708}.Debug|x86.ActiveCfg = Debug|x86
		{405814BB-4580-4130-B176-13931ADA8708}.Debug|x86.Build.0 = Debug|x86
		{405814BB-4580-4130-B176-13931ADA8708}.Release|Any CPU.ActiveCfg = Release|Any CPU
		{405814BB-4580-4130-B176-13931ADA8708}.Release|Any CPU.Build.0 = Release|Any CPU
		{405814BB-4580-4130-B176-13931ADA8708}.Release|ARM.ActiveCfg = Release|ARM
		{405814BB-4580-4130-B176-13931ADA8708}.Release|ARM.Build.0 = Release|ARM
		{405814BB-4580-4130-B176-13931ADA8708}.Release|x64.ActiveCfg = Release|x64
		{405814BB-4580-4130-B176-13931ADA8708}.Release|x64.Build.0 = Release|x64
		{405814BB-4580-4130-B176-13931ADA8708}.Release|x86.ActiveCfg = Release|x86
		{405814BB-4580-4130-B176-13931ADA8708}.Release|x86.Build.0 = Release|x86
	EndGlobalSection
	GlobalSection(SolutionProperties) = preSolution
		HideSolutionNode = FALSE
	EndGlobalSection
EndGlobal
